
Microsoft Visual Studio Solution File, Format Version 12.00
# Visual Studio 15
VisualStudioVersion = 15.0.26124.0
MinimumVisualStudioVersion = 15.0.26124.0
Project("{FAE04EC0-301F-11D3-BF4B-00C04F79EFBC}") = "UBACodingTest", "UBACodingTest\UBACodingTest.csproj", "{BF2179A9-D94D-4CBD-8076-DD532685351A}"
EndProject
Project("{FAE04EC0-301F-11D3-BF4B-00C04F79EFBC}") = "UBACodingTest.Test", "UBACodingTest.Test\UBACodingTest.Test.csproj", "{0D1B31EF-90C2-4D56-B734-47657185D439}"
EndProject
Global
	GlobalSection(SolutionConfigurationPlatforms) = preSolution
		Debug|Any CPU = Debug|Any CPU
		Debug|x64 = Debug|x64
		Debug|x86 = Debug|x86
		Release|Any CPU = Release|Any CPU
		Release|x64 = Release|x64
		Release|x86 = Release|x86
	EndGlobalSection
	GlobalSection(SolutionProperties) = preSolution
		HideSolutionNode = FALSE
	EndGlobalSection
	GlobalSection(ProjectConfigurationPlatforms) = postSolution
		{BF2179A9-D94D-4CBD-8076-DD532685351A}.Debug|Any CPU.ActiveCfg = Debug|Any CPU
		{BF2179A9-D94D-4CBD-8076-DD532685351A}.Debug|Any CPU.Build.0 = Debug|Any CPU
		{BF2179A9-D94D-4CBD-8076-DD532685351A}.Debug|x64.ActiveCfg = Debug|Any CPU
		{BF2179A9-D94D-4CBD-8076-DD532685351A}.Debug|x64.Build.0 = Debug|Any CPU
		{BF2179A9-D94D-4CBD-8076-DD532685351A}.Debug|x86.ActiveCfg = Debug|Any CPU
		{BF2179A9-D94D-4CBD-8076-DD532685351A}.Debug|x86.Build.0 = Debug|Any CPU
		{BF2179A9-D94D-4CBD-8076-DD532685351A}.Release|Any CPU.ActiveCfg = Release|Any CPU
		{BF2179A9-D94D-4CBD-8076-DD532685351A}.Release|Any CPU.Build.0 = Release|Any CPU
		{BF2179A9-D94D-4CBD-8076-DD532685351A}.Release|x64.ActiveCfg = Release|Any CPU
		{BF2179A9-D94D-4CBD-8076-DD532685351A}.Release|x64.Build.0 = Release|Any CPU
		{BF2179A9-D94D-4CBD-8076-DD532685351A}.Release|x86.ActiveCfg = Release|Any CPU
		{BF2179A9-D94D-4CBD-8076-DD532685351A}.Release|x86.Build.0 = Release|Any CPU
		{0D1B31EF-90C2-4D56-B734-47657185D439}.Debug|Any CPU.ActiveCfg = Debug|Any CPU
		{0D1B31EF-90C2-4D56-B734-47657185D439}.Debug|Any CPU.Build.0 = Debug|Any CPU
		{0D1B31EF-90C2-4D56-B734-47657185D439}.Debug|x64.ActiveCfg = Debug|Any CPU
		{0D1B31EF-90C2-4D56-B734-47657185D439}.Debug|x64.Build.0 = Debug|Any CPU
		{0D1B31EF-90C2-4D56-B734-47657185D439}.Debug|x86.ActiveCfg = Debug|Any CPU
		{0D1B31EF-90C2-4D56-B734-47657185D439}.Debug|x86.Build.0 = Debug|Any CPU
		{0D1B31EF-90C2-4D56-B734-47657185D439}.Release|Any CPU.ActiveCfg = Release|Any CPU
		{0D1B31EF-90C2-4D56-B734-47657185D439}.Release|Any CPU.Build.0 = Release|Any CPU
		{0D1B31EF-90C2-4D56-B734-47657185D439}.Release|x64.ActiveCfg = Release|Any CPU
		{0D1B31EF-90C2-4D56-B734-47657185D439}.Release|x64.Build.0 = Release|Any CPU
		{0D1B31EF-90C2-4D56-B734-47657185D439}.Release|x86.ActiveCfg = Release|Any CPU
		{0D1B31EF-90C2-4D56-B734-47657185D439}.Release|x86.Build.0 = Release|Any CPU
	EndGlobalSection
EndGlobal
